
Microsoft Visual Studio Solution File, Format Version 12.00
# Visual Studio 15
VisualStudioVersion = 15.0.28307.168
MinimumVisualStudioVersion = 10.0.40219.1
Project("{FAE04EC0-301F-11D3-BF4B-00C04F79EFBC}") = "FizzBuzz", "FizzBuzz\FizzBuzz.csproj", "{BCD744E0-4750-4802-821A-E8BA4BB5DE91}"
EndProject
Global
	GlobalSection(SolutionConfigurationPlatforms) = preSolution
		Debug|Any CPU = Debug|Any CPU
		Release|Any CPU = Release|Any CPU
	EndGlobalSection
	GlobalSection(ProjectConfigurationPlatforms) = postSolution
		{BCD744E0-4750-4802-821A-E8BA4BB5DE91}.Debug|Any CPU.ActiveCfg = Debug|Any CPU
		{BCD744E0-4750-4802-821A-E8BA4BB5DE91}.Debug|Any CPU.Build.0 = Debug|Any CPU
		{BCD744E0-4750-4802-821A-E8BA4BB5DE91}.Release|Any CPU.ActiveCfg = Release|Any CPU
		{BCD744E0-4750-4802-821A-E8BA4BB5DE91}.Release|Any CPU.Build.0 = Release|Any CPU
	EndGlobalSection
	GlobalSection(SolutionProperties) = preSolution
		HideSolutionNode = FALSE
	EndGlobalSection
	GlobalSection(ExtensibilityGlobals) = postSolution
		SolutionGuid = {92273252-7AD1-477E-909D-CA757239EAA1}
	EndGlobalSection
EndGlobal
